
Microsoft Visual Studio Solution File, Format Version 12.00
# Visual Studio Version 17
VisualStudioVersion = 17.14.36705.20
MinimumVisualStudioVersion = 10.0.40219.1
Project("{FAE04EC0-301F-11D3-BF4B-00C04F79EFBC}") = "API", "API\API.csproj", "{008DA926-A96B-48B1-9096-0528B07138E7}"
EndProject
Project("{FAE04EC0-301F-11D3-BF4B-00C04F79EFBC}") = "Common", "Common\Common.csproj", "{1D862DB4-2A2E-47FE-B3D3-BD3A5BC7C8CD}"
EndProject
Project("{FAE04EC0-301F-11D3-BF4B-00C04F79EFBC}") = "Client", "Client\Client.csproj", "{AD117006-2484-4F8B-B2A4-C15FA95B86C6}"
EndProject
Global
	GlobalSection(SolutionConfigurationPlatforms) = preSolution
		Debug|Any CPU = Debug|Any CPU
		Release|Any CPU = Release|Any CPU
	EndGlobalSection
	GlobalSection(ProjectConfigurationPlatforms) = postSolution
		{008DA926-A96B-48B1-9096-0528B07138E7}.Debug|Any CPU.ActiveCfg = Debug|Any CPU
		{008DA926-A96B-48B1-9096-0528B07138E7}.Debug|Any CPU.Build.0 = Debug|Any CPU
		{008DA926-A96B-48B1-9096-0528B07138E7}.Release|Any CPU.ActiveCfg = Release|Any CPU
		{008DA926-A96B-48B1-9096-0528B07138E7}.Release|Any CPU.Build.0 = Release|Any CPU
		{1D862DB4-2A2E-47FE-B3D3-BD3A5BC7C8CD}.Debug|Any CPU.ActiveCfg = Debug|Any CPU
		{1D862DB4-2A2E-47FE-B3D3-BD3A5BC7C8CD}.Debug|Any CPU.Build.0 = Debug|Any CPU
		{1D862DB4-2A2E-47FE-B3D3-BD3A5BC7C8CD}.Release|Any CPU.ActiveCfg = Release|Any CPU
		{1D862DB4-2A2E-47FE-B3D3-BD3A5BC7C8CD}.Release|Any CPU.Build.0 = Release|Any CPU
		{AD117006-2484-4F8B-B2A4-C15FA95B86C6}.Debug|Any CPU.ActiveCfg = Debug|Any CPU
		{AD117006-2484-4F8B-B2A4-C15FA95B86C6}.Debug|Any CPU.Build.0 = Debug|Any CPU
		{AD117006-2484-4F8B-B2A4-C15FA95B86C6}.Release|Any CPU.ActiveCfg = Release|Any CPU
		{AD117006-2484-4F8B-B2A4-C15FA95B86C6}.Release|Any CPU.Build.0 = Release|Any CPU
	EndGlobalSection
	GlobalSection(SolutionProperties) = preSolution
		HideSolutionNode = FALSE
	EndGlobalSection
	GlobalSection(ExtensibilityGlobals) = postSolution
		SolutionGuid = {510B08E2-8188-439E-8D5D-26A75621672F}
	EndGlobalSection
EndGlobal
